
Microsoft Visual Studio Solution File, Format Version 12.00
# Visual Studio Version 17
VisualStudioVersion = 17.7.34024.191
MinimumVisualStudioVersion = 10.0.40219.1
Project("{8BC9CEB8-8B4A-11D0-8D11-00A0C91BC942}") = "projet 2 . 06.09.2023", "projet 2 . 06.09.2023.vcxproj", "{061B1CE9-A02A-4F6C-9599-417541A47559}"
EndProject
Global
	GlobalSection(SolutionConfigurationPlatforms) = preSolution
		Debug|x64 = Debug|x64
		Debug|x86 = Debug|x86
		Release|x64 = Release|x64
		Release|x86 = Release|x86
	EndGlobalSection
	GlobalSection(ProjectConfigurationPlatforms) = postSolution
		{061B1CE9-A02A-4F6C-9599-417541A47559}.Debug|x64.ActiveCfg = Debug|x64
		{061B1CE9-A02A-4F6C-9599-417541A47559}.Debug|x64.Build.0 = Debug|x64
		{061B1CE9-A02A-4F6C-9599-417541A47559}.Debug|x86.ActiveCfg = Debug|Win32
		{061B1CE9-A02A-4F6C-9599-417541A47559}.Debug|x86.Build.0 = Debug|Win32
		{061B1CE9-A02A-4F6C-9599-417541A47559}.Release|x64.ActiveCfg = Release|x64
		{061B1CE9-A02A-4F6C-9599-417541A47559}.Release|x64.Build.0 = Release|x64
		{061B1CE9-A02A-4F6C-9599-417541A47559}.Release|x86.ActiveCfg = Release|Win32
		{061B1CE9-A02A-4F6C-9599-417541A47559}.Release|x86.Build.0 = Release|Win32
	EndGlobalSection
	GlobalSection(SolutionProperties) = preSolution
		HideSolutionNode = FALSE
	EndGlobalSection
	GlobalSection(ExtensibilityGlobals) = postSolution
		SolutionGuid = {D608EA8C-758B-43A1-9E4D-569DC0BE55CE}
	EndGlobalSection
EndGlobal
